<Solution>
  <Project Path="src/PureEngine.Core/PureEngine.Core.csproj" />
  <Project Path="src/PureEngine.Runtime/PureEngine.Runtime.csproj" />
  <Project Path="tests/PureEngine.Core.Checks/PureEngine.Core.Checks.csproj" />
  <Project Path="src/PureEngine.Editor/PureEngine.Editor.csproj" />
  <Project Path="tests/PureEngine.Editor.Checks/PureEngine.Editor.Checks.csproj" />
</Solution>
